
Microsoft Visual Studio Solution File, Format Version 12.00
# Visual Studio 15
VisualStudioVersion = 15.0.27428.2015
MinimumVisualStudioVersion = 10.0.40219.1
Project("{FAE04EC0-301F-11D3-BF4B-00C04F79EFBC}") = "lab8 Arrays and Collections", "lab8 Arrays and Collections\lab8 Arrays and Collections.csproj", "{62A5E107-9BCD-4C10-8032-EEEC01B4AF61}"
EndProject
Global
	GlobalSection(SolutionConfigurationPlatforms) = preSolution
		Debug|Any CPU = Debug|Any CPU
		Release|Any CPU = Release|Any CPU
	EndGlobalSection
	GlobalSection(ProjectConfigurationPlatforms) = postSolution
		{62A5E107-9BCD-4C10-8032-EEEC01B4AF61}.Debug|Any CPU.ActiveCfg = Debug|Any CPU
		{62A5E107-9BCD-4C10-8032-EEEC01B4AF61}.Debug|Any CPU.Build.0 = Debug|Any CPU
		{62A5E107-9BCD-4C10-8032-EEEC01B4AF61}.Release|Any CPU.ActiveCfg = Release|Any CPU
		{62A5E107-9BCD-4C10-8032-EEEC01B4AF61}.Release|Any CPU.Build.0 = Release|Any CPU
	EndGlobalSection
	GlobalSection(SolutionProperties) = preSolution
		HideSolutionNode = FALSE
	EndGlobalSection
	GlobalSection(ExtensibilityGlobals) = postSolution
		SolutionGuid = {AB0E2FF5-234E-472E-A192-27729762EB28}
	EndGlobalSection
EndGlobal
